// !$*UTF8*$!
{
	archiveVersion = 1;
	classes = {
	};
	objectVersion = 46;
	objects = {

/* Begin PBXBuildFile section */
		840C97F91C87C61B0069128F /* main.m in Sources */ = {isa = PBXBuildFile; fileRef = 840C97F81C87C61B0069128F /* main.m */; };
		840C97FC1C87C61B0069128F /* AppDelegate.m in Sources */ = {isa = PBXBuildFile; fileRef = 840C97FB1C87C61B0069128F /* AppDelegate.m */; };
		840C98041C87C61B0069128F /* Images.xcassets in Resources */ = {isa = PBXBuildFile; fileRef = 840C98031C87C61B0069128F /* Images.xcassets */; };
		840C98071C87C61B0069128F /* LaunchScreen.xib in Resources */ = {isa = PBXBuildFile; fileRef = 840C98051C87C61B0069128F /* LaunchScreen.xib */; };
		840C98131C87C61C0069128F /* MyGameTests.m in Sources */ = {isa = PBXBuildFile; fileRef = 840C98121C87C61C0069128F /* MyGameTests.m */; };
		840C981E1C87C9A40069128F /* RootViewController.m in Sources */ = {isa = PBXBuildFile; fileRef = 840C981D1C87C9A40069128F /* RootViewController.m */; };
		840C98211C87CF660069128F /* GameViewController.m in Sources */ = {isa = PBXBuildFile; fileRef = 840C98201C87CF660069128F /* GameViewController.m */; };
		840C98241C87D1DB0069128F /* MasuView.m in Sources */ = {isa = PBXBuildFile; fileRef = 840C98231C87D1DA0069128F /* MasuView.m */; };
		840C98271C87D1F60069128F /* BoardView.m in Sources */ = {isa = PBXBuildFile; fileRef = 840C98261C87D1F60069128F /* BoardView.m */; };
		841C074D1C892B52000ADC79 /* RecordData.m in Sources */ = {isa = PBXBuildFile; fileRef = 841C074C1C892B52000ADC79 /* RecordData.m */; };
/* End PBXBuildFile section */

/* Begin PBXContainerItemProxy section */
		840C980D1C87C61C0069128F /* PBXContainerItemProxy */ = {
			isa = PBXContainerItemProxy;
			containerPortal = 840C97EB1C87C61B0069128F /* Project object */;
			proxyType = 1;
			remoteGlobalIDString = 840C97F21C87C61B0069128F;
			remoteInfo = MyGame;
		};
/* End PBXContainerItemProxy section */

/* Begin PBXFileReference section */
		840C97F31C87C61B0069128F /* MyGame.app */ = {isa = PBXFileReference; explicitFileType = wrapper.application; includeInIndex = 0; path = MyGame.app; sourceTree = BUILT_PRODUCTS_DIR; };
		840C97F71C87C61B0069128F /* Info.plist */ = {isa = PBXFileReference; lastKnownFileType = text.plist.xml; path = Info.plist; sourceTree = "<group>"; };
		840C97F81C87C61B0069128F /* main.m */ = {isa = PBXFileReference; lastKnownFileType = sourcecode.c.objc; path = main.m; sourceTree = "<group>"; };
		840C97FA1C87C61B0069128F /* AppDelegate.h */ = {isa = PBXFileReference; lastKnownFileType = sourcecode.c.h; path = AppDelegate.h; sourceTree = "<group>"; };
		840C97FB1C87C61B0069128F /* AppDelegate.m */ = {isa = PBXFileReference; lastKnownFileType = sourcecode.c.objc; path = AppDelegate.m; sourceTree = "<group>"; };
		840C98031C87C61B0069128F /* Images.xcassets */ = {isa = PBXFileReference; lastKnownFileType = folder.assetcatalog; path = Images.xcassets; sourceTree = "<group>"; };
		840C98061C87C61B0069128F /* Base */ = {isa = PBXFileReference; lastKnownFileType = file.xib; name = Base; path = Base.lproj/LaunchScreen.xib; sourceTree = "<group>"; };
		840C980C1C87C61C0069128F /* MyGameTests.xctest */ = {isa = PBXFileReference; explicitFileType = wrapper.cfbundle; includeInIndex = 0; path = MyGameTests.xctest; sourceTree = BUILT_PRODUCTS_DIR; };
		840C98111C87C61C0069128F /* Info.plist */ = {isa = PBXFileReference; lastKnownFileType = text.plist.xml; path = Info.plist; sourceTree = "<group>"; };
		840C98121C87C61C0069128F /* MyGameTests.m */ = {isa = PBXFileReference; lastKnownFileType = sourcecode.c.objc; path = MyGameTests.m; sourceTree = "<group>"; };
		840C981C1C87C9A40069128F /* RootViewController.h */ = {isa = PBXFileReference; fileEncoding = 4; lastKnownFileType = sourcecode.c.h; path = RootViewController.h; sourceTree = "<group>"; };
		840C981D1C87C9A40069128F /* RootViewController.m */ = {isa = PBXFileReference; fileEncoding = 4; lastKnownFileType = sourcecode.c.objc; path = RootViewController.m; sourceTree = "<group>"; };
		840C981F1C87CF660069128F /* GameViewController.h */ = {isa = PBXFileReference; fileEncoding = 4; lastKnownFileType = sourcecode.c.h; path = GameViewController.h; sourceTree = "<group>"; };
		840C98201C87CF660069128F /* GameViewController.m */ = {isa = PBXFileReference; fileEncoding = 4; lastKnownFileType = sourcecode.c.objc; path = GameViewController.m; sourceTree = "<group>"; };
		840C98221C87D1DA0069128F /* MasuView.h */ = {isa = PBXFileReference; fileEncoding = 4; lastKnownFileType = sourcecode.c.h; path = MasuView.h; sourceTree = "<group>"; };
		840C98231C87D1DA0069128F /* MasuView.m */ = {isa = PBXFileReference; fileEncoding = 4; lastKnownFileType = sourcecode.c.objc; path = MasuView.m; sourceTree = "<group>"; };
		840C98251C87D1F60069128F /* BoardView.h */ = {isa = PBXFileReference; fileEncoding = 4; lastKnownFileType = sourcecode.c.h; path = BoardView.h; sourceTree = "<group>"; };
		840C98261C87D1F60069128F /* BoardView.m */ = {isa = PBXFileReference; fileEncoding = 4; lastKnownFileType = sourcecode.c.objc; path = BoardView.m; sourceTree = "<group>"; };
		841C074B1C892B52000ADC79 /* RecordData.h */ = {isa = PBXFileReference; fileEncoding = 4; lastKnownFileType = sourcecode.c.h; path = RecordData.h; sourceTree = "<group>"; };
		841C074C1C892B52000ADC79 /* RecordData.m */ = {isa = PBXFileReference; fileEncoding = 4; lastKnownFileType = sourcecode.c.objc; path = RecordData.m; sourceTree = "<group>"; };
/* End PBXFileReference section */

/* Begin PBXFrameworksBuildPhase section */
		840C97F01C87C61B0069128F /* Frameworks */ = {
			isa = PBXFrameworksBuildPhase;
			buildActionMask = 2147483647;
			files = (
			);
			runOnlyForDeploymentPostprocessing = 0;
		};
		840C98091C87C61C0069128F /* Frameworks */ = {
			isa = PBXFrameworksBuildPhase;
			buildActionMask = 2147483647;
			files = (
			);
			runOnlyForDeploymentPostprocessing = 0;
		};
/* End PBXFrameworksBuildPhase section */

/* Begin PBXGroup section */
		840C97EA1C87C61B0069128F = {
			isa = PBXGroup;
			children = (
				840C97F51C87C61B0069128F /* MyGame */,
				840C980F1C87C61C0069128F /* MyGameTests */,
				840C97F41C87C61B0069128F /* Products */,
			);
			sourceTree = "<group>";
		};
		840C97F41C87C61B0069128F /* Products */ = {
			isa = PBXGroup;
			children = (
				840C97F31C87C61B0069128F /* MyGame.app */,
				840C980C1C87C61C0069128F /* MyGameTests.xctest */,
			);
			name = Products;
			sourceTree = "<group>";
		};
		840C97F51C87C61B0069128F /* MyGame */ = {
			isa = PBXGroup;
			children = (
				840C97FA1C87C61B0069128F /* AppDelegate.h */,
				840C97FB1C87C61B0069128F /* AppDelegate.m */,
				840C981C1C87C9A40069128F /* RootViewController.h */,
				840C981D1C87C9A40069128F /* RootViewController.m */,
				840C98031C87C61B0069128F /* Images.xcassets */,
				840C98051C87C61B0069128F /* LaunchScreen.xib */,
				840C97F61C87C61B0069128F /* Supporting Files */,
				840C981F1C87CF660069128F /* GameViewController.h */,
				840C98201C87CF660069128F /* GameViewController.m */,
				840C98221C87D1DA0069128F /* MasuView.h */,
				840C98231C87D1DA0069128F /* MasuView.m */,
				840C98251C87D1F60069128F /* BoardView.h */,
				840C98261C87D1F60069128F /* BoardView.m */,
				841C074B1C892B52000ADC79 /* RecordData.h */,
				841C074C1C892B52000ADC79 /* RecordData.m */,
			);
			path = MyGame;
			sourceTree = "<group>";
		};
		840C97F61C87C61B0069128F /* Supporting Files */ = {
			isa = PBXGroup;
			children = (
				840C97F71C87C61B0069128F /* Info.plist */,
				840C97F81C87C61B0069128F /* main.m */,
			);
			name = "Supporting Files";
			sourceTree = "<group>";
		};
		840C980F1C87C61C0069128F /* MyGameTests */ = {
			isa = PBXGroup;
			children = (
				840C98121C87C61C0069128F /* MyGameTests.m */,
				840C98101C87C61C0069128F /* Supporting Files */,
			);
			path = MyGameTests;
			sourceTree = "<group>";
		};
		840C98101C87C61C0069128F /* Supporting Files */ = {
			isa = PBXGroup;
			children = (
				840C98111C87C61C0069128F /* Info.plist */,
			);
			name = "Supporting Files";
			sourceTree = "<group>";
		};
/* End PBXGroup section */

/* Begin PBXNativeTarget section */
		840C97F21C87C61B0069128F /* MyGame */ = {
			isa = PBXNativeTarget;
			buildConfigurationList = 840C98161C87C61C0069128F /* Build configuration list for PBXNativeTarget "MyGame" */;
			buildPhases = (
				840C97EF1C87C61B0069128F /* Sources */,
				840C97F01C87C61B0069128F /* Frameworks */,
				840C97F11C87C61B0069128F /* Resources */,
			);
			buildRules = (
			);
			dependencies = (
			);
			name = MyGame;
			productName = MyGame;
			productReference = 840C97F31C87C61B0069128F /* MyGame.app */;
			productType = "com.apple.product-type.application";
		};
		840C980B1C87C61C0069128F /* MyGameTests */ = {
			isa = PBXNativeTarget;
			buildConfigurationList = 840C98191C87C61C0069128F /* Build configuration list for PBXNativeTarget "MyGameTests" */;
			buildPhases = (
				840C98081C87C61C0069128F /* Sources */,
				840C98091C87C61C0069128F /* Frameworks */,
				840C980A1C87C61C0069128F /* Resources */,
			);
			buildRules = (
			);
			dependencies = (
				840C980E1C87C61C0069128F /* PBXTargetDependency */,
			);
			name = MyGameTests;
			productName = MyGameTests;
			productReference = 840C980C1C87C61C0069128F /* MyGameTests.xctest */;
			productType = "com.apple.product-type.bundle.unit-test";
		};
/* End PBXNativeTarget section */

/* Begin PBXProject section */
		840C97EB1C87C61B0069128F /* Project object */ = {
			isa = PBXProject;
			attributes = {
				LastUpgradeCheck = 0720;
				ORGANIZATIONNAME = "トライアローズ開発";
				TargetAttributes = {
					840C97F21C87C61B0069128F = {
						CreatedOnToolsVersion = 6.4;
					};
					840C980B1C87C61C0069128F = {
						CreatedOnToolsVersion = 6.4;
						TestTargetID = 840C97F21C87C61B0069128F;
					};
				};
			};
			buildConfigurationList = 840C97EE1C87C61B0069128F /* Build configuration list for PBXProject "MyGame" */;
			compatibilityVersion = "Xcode 3.2";
			developmentRegion = English;
			hasScannedForEncodings = 0;
			knownRegions = (
				en,
				Base,
			);
			mainGroup = 840C97EA1C87C61B0069128F;
			productRefGroup = 840C97F41C87C61B0069128F /* Products */;
			projectDirPath = "";
			projectRoot = "";
			targets = (
				840C97F21C87C61B0069128F /* MyGame */,
				840C980B1C87C61C0069128F /* MyGameTests */,
			);
		};
/* End PBXProject section */

/* Begin PBXResourcesBuildPhase section */
		840C97F11C87C61B0069128F /* Resources */ = {
			isa = PBXResourcesBuildPhase;
			buildActionMask = 2147483647;
			files = (
				840C98071C87C61B0069128F /* LaunchScreen.xib in Resources */,
				840C98041C87C61B0069128F /* Images.xcassets in Resources */,
			);
			runOnlyForDeploymentPostprocessing = 0;
		};
		840C980A1C87C61C0069128F /* Resources */ = {
			isa = PBXResourcesBuildPhase;
			buildActionMask = 2147483647;
			files = (
			);
			runOnlyForDeploymentPostprocessing = 0;
		};
/* End PBXResourcesBuildPhase section */

/* Begin PBXSourcesBuildPhase section */
		840C97EF1C87C61B0069128F /* Sources */ = {
			isa = PBXSourcesBuildPhase;
			buildActionMask = 2147483647;
			files = (
				840C98211C87CF660069128F /* GameViewController.m in Sources */,
				840C97FC1C87C61B0069128F /* AppDelegate.m in Sources */,
				840C981E1C87C9A40069128F /* RootViewController.m in Sources */,
				840C97F91C87C61B0069128F /* main.m in Sources */,
				840C98241C87D1DB0069128F /* MasuView.m in Sources */,
				841C074D1C892B52000ADC79 /* RecordData.m in Sources */,
				840C98271C87D1F60069128F /* BoardView.m in Sources */,
			);
			runOnlyForDeploymentPostprocessing = 0;
		};
		840C98081C87C61C0069128F /* Sources */ = {
			isa = PBXSourcesBuildPhase;
			buildActionMask = 2147483647;
			files = (
				840C98131C87C61C0069128F /* MyGameTests.m in Sources */,
			);
			runOnlyForDeploymentPostprocessing = 0;
		};
/* End PBXSourcesBuildPhase section */

/* Begin PBXTargetDependency section */
		840C980E1C87C61C0069128F /* PBXTargetDependency */ = {
			isa = PBXTargetDependency;
			target = 840C97F21C87C61B0069128F /* MyGame */;
			targetProxy = 840C980D1C87C61C0069128F /* PBXContainerItemProxy */;
		};
/* End PBXTargetDependency section */

/* Begin PBXVariantGroup section */
		840C98051C87C61B0069128F /* LaunchScreen.xib */ = {
			isa = PBXVariantGroup;
			children = (
				840C98061C87C61B0069128F /* Base */,
			);
			name = LaunchScreen.xib;
			sourceTree = "<group>";
		};
/* End PBXVariantGroup section */

/* Begin XCBuildConfiguration section */
		840C98141C87C61C0069128F /* Debug */ = {
			isa = XCBuildConfiguration;
			buildSettings = {
				ALWAYS_SEARCH_USER_PATHS = NO;
				CLANG_CXX_LANGUAGE_STANDARD = "gnu++0x";
				CLANG_CXX_LIBRARY = "libc++";
				CLANG_ENABLE_MODULES = YES;
				CLANG_ENABLE_OBJC_ARC = YES;
				CLANG_WARN_BOOL_CONVERSION = YES;
				CLANG_WARN_CONSTANT_CONVERSION = YES;
				CLANG_WARN_DIRECT_OBJC_ISA_USAGE = YES_ERROR;
				CLANG_WARN_EMPTY_BODY = YES;
				CLANG_WARN_ENUM_CONVERSION = YES;
				CLANG_WARN_INT_CONVERSION = YES;
				CLANG_WARN_OBJC_ROOT_CLASS = YES_ERROR;
				CLANG_WARN_UNREACHABLE_CODE = YES;
				CLANG_WARN__DUPLICATE_METHOD_MATCH = YES;
				"CODE_SIGN_IDENTITY[sdk=iphoneos*]" = "iPhone Developer";
				COPY_PHASE_STRIP = NO;
				DEBUG_INFORMATION_FORMAT = "dwarf-with-dsym";
				ENABLE_STRICT_OBJC_MSGSEND = YES;
				ENABLE_TESTABILITY = YES;
				GCC_C_LANGUAGE_STANDARD = gnu99;
				GCC_DYNAMIC_NO_PIC = NO;
				GCC_NO_COMMON_BLOCKS = YES;
				GCC_OPTIMIZATION_LEVEL = 0;
				GCC_PREPROCESSOR_DEFINITIONS = (
					"DEBUG=1",
					"$(inherited)",
				);
				GCC_SYMBOLS_PRIVATE_EXTERN = NO;
				GCC_WARN_64_TO_32_BIT_CONVERSION = YES;
				GCC_WARN_ABOUT_RETURN_TYPE = YES_ERROR;
				GCC_WARN_UNDECLARED_SELECTOR = YES;
				GCC_WARN_UNINITIALIZED_AUTOS = YES_AGGRESSIVE;
				GCC_WARN_UNUSED_FUNCTION = YES;
				GCC_WARN_UNUSED_VARIABLE = YES;
				IPHONEOS_DEPLOYMENT_TARGET = 8.4;
				MTL_ENABLE_DEBUG_INFO = YES;
				ONLY_ACTIVE_ARCH = YES;
				SDKROOT = iphoneos;
			};
			name = Debug;
		};
		840C98151C87C61C0069128F /* Release */ = {
			isa = XCBuildConfiguration;
			buildSettings = {
				ALWAYS_SEARCH_USER_PATHS = NO;
				CLANG_CXX_LANGUAGE_STANDARD = "gnu++0x";
				CLANG_CXX_LIBRARY = "libc++";
				CLANG_ENABLE_MODULES = YES;
				CLANG_ENABLE_OBJC_ARC = YES;
				CLANG_WARN_BOOL_CONVERSION = YES;
				CLANG_WARN_CONSTANT_CONVERSION = YES;
				CLANG_WARN_DIRECT_OBJC_ISA_USAGE = YES_ERROR;
				CLANG_WARN_EMPTY_BODY = YES;
				CLANG_WARN_ENUM_CONVERSION = YES;
				CLANG_WARN_INT_CONVERSION = YES;
				CLANG_WARN_OBJC_ROOT_CLASS = YES_ERROR;
				CLANG_WARN_UNREACHABLE_CODE = YES;
				CLANG_WARN__DUPLICATE_METHOD_MATCH = YES;
				"CODE_SIGN_IDENTITY[sdk=iphoneos*]" = "iPhone Developer";
				COPY_PHASE_STRIP = NO;
				DEBUG_INFORMATION_FORMAT = "dwarf-with-dsym";
				ENABLE_NS_ASSERTIONS = NO;
				ENABLE_STRICT_OBJC_MSGSEND = YES;
				GCC_C_LANGUAGE_STANDARD = gnu99;
				GCC_NO_COMMON_BLOCKS = YES;
				GCC_WARN_64_TO_32_BIT_CONVERSION = YES;
				GCC_WARN_ABOUT_RETURN_TYPE = YES_ERROR;
				GCC_WARN_UNDECLARED_SELECTOR = YES;
				GCC_WARN_UNINITIALIZED_AUTOS = YES_AGGRESSIVE;
				GCC_WARN_UNUSED_FUNCTION = YES;
				GCC_WARN_UNUSED_VARIABLE = YES;
				IPHONEOS_DEPLOYMENT_TARGET = 8.4;
				MTL_ENABLE_DEBUG_INFO = NO;
				SDKROOT = iphoneos;
				VALIDATE_PRODUCT = YES;
			};
			name = Release;
		};
		840C98171C87C61C0069128F /* Debug */ = {
			isa = XCBuildConfiguration;
			buildSettings = {
				ASSETCATALOG_COMPILER_APPICON_NAME = AppIcon;
				INFOPLIST_FILE = MyGame/Info.plist;
				LD_RUNPATH_SEARCH_PATHS = "$(inherited) @executable_path/Frameworks";
				PRODUCT_BUNDLE_IDENTIFIER = "TA.$(PRODUCT_NAME:rfc1034identifier)";
				PRODUCT_NAME = "$(TARGET_NAME)";
			};
			name = Debug;
		};
		840C98181C87C61C0069128F /* Release */ = {
			isa = XCBuildConfiguration;
			buildSettings = {
				ASSETCATALOG_COMPILER_APPICON_NAME = AppIcon;
				INFOPLIST_FILE = MyGame/Info.plist;
				LD_RUNPATH_SEARCH_PATHS = "$(inherited) @executable_path/Frameworks";
				PRODUCT_BUNDLE_IDENTIFIER = "TA.$(PRODUCT_NAME:rfc1034identifier)";
				PRODUCT_NAME = "$(TARGET_NAME)";
			};
			name = Release;
		};
		840C981A1C87C61C0069128F /* Debug */ = {
			isa = XCBuildConfiguration;
			buildSettings = {
				BUNDLE_LOADER = "$(TEST_HOST)";
				FRAMEWORK_SEARCH_PATHS = (
					"$(SDKROOT)/Developer/Library/Frameworks",
					"$(inherited)",
				);
				GCC_PREPROCESSOR_DEFINITIONS = (
					"DEBUG=1",
					"$(inherited)",
				);
				INFOPLIST_FILE = MyGameTests/Info.plist;
				LD_RUNPATH_SEARCH_PATHS = "$(inherited) @executable_path/Frameworks @loader_path/Frameworks";
				PRODUCT_BUNDLE_IDENTIFIER = "TA.$(PRODUCT_NAME:rfc1034identifier)";
				PRODUCT_NAME = "$(TARGET_NAME)";
				TEST_HOST = "$(BUILT_PRODUCTS_DIR)/MyGame.app/MyGame";
			};
			name = Debug;
		};
		840C981B1C87C61C0069128F /* Release */ = {
			isa = XCBuildConfiguration;
			buildSettings = {
				BUNDLE_LOADER = "$(TEST_HOST)";
				FRAMEWORK_SEARCH_PATHS = (
					"$(SDKROOT)/Developer/Library/Frameworks",
					"$(inherited)",
				);
				INFOPLIST_FILE = MyGameTests/Info.plist;
				LD_RUNPATH_SEARCH_PATHS = "$(inherited) @executable_path/Frameworks @loader_path/Frameworks";
				PRODUCT_BUNDLE_IDENTIFIER = "TA.$(PRODUCT_NAME:rfc1034identifier)";
				PRODUCT_NAME = "$(TARGET_NAME)";
				TEST_HOST = "$(BUILT_PRODUCTS_DIR)/MyGame.app/MyGame";
			};
			name = Release;
		};
/* End XCBuildConfiguration section */

/* Begin XCConfigurationList section */
		840C97EE1C87C61B0069128F /* Build configuration list for PBXProject "MyGame" */ = {
			isa = XCConfigurationList;
			buildConfigurations = (
				840C98141C87C61C0069128F /* Debug */,
				840C98151C87C61C0069128F /* Release */,
			);
			defaultConfigurationIsVisible = 0;
			defaultConfigurationName = Release;
		};
		840C98161C87C61C0069128F /* Build configuration list for PBXNativeTarget "MyGame" */ = {
			isa = XCConfigurationList;
			buildConfigurations = (
				840C98171C87C61C0069128F /* Debug */,
				840C98181C87C61C0069128F /* Release */,
			);
			defaultConfigurationIsVisible = 0;
			defaultConfigurationName = Release;
		};
		840C98191C87C61C0069128F /* Build configuration list for PBXNativeTarget "MyGameTests" */ = {
			isa = XCConfigurationList;
			buildConfigurations = (
				840C981A1C87C61C0069128F /* Debug */,
				840C981B1C87C61C0069128F /* Release */,
			);
			defaultConfigurationIsVisible = 0;
			defaultConfigurationName = Release;
		};
/* End XCConfigurationList section */
	};
	rootObject = 840C97EB1C87C61B0069128F /* Project object */;
}
